{
  "requires": true,
  "lockfileVersion": 1,
  "dependencies": {
    "vue-clap-button": {
      "version": "1.0.5",
      "resolved": "https://registry.npmjs.org/vue-clap-button/-/vue-clap-button-1.0.5.tgz",
      "integrity": "sha512-GyyzqVjmnD0joGcF2qEEcH8LAm5ABlHlRPkjKejWdlqTH/G7bT0dtnPn0k0c76i1+tNNMUgjAT7DAs9Kdl9eCA=="
    }
  }
}
